<?xml version="1.0" encoding="utf-8"?>
<Project ToolsVersion="4.0" xmlns="http://schemas.microsoft.com/developer/msbuild/2003">
  <ItemGroup>
    <Filter Include="Source Files">
      <UniqueIdentifier>{4FC737F1-C7A5-4376-A066-2A32D752A2FF}</UniqueIdentifier>
      <Extensions>cpp;c;cc;cxx;def;odl;idl;hpj;bat;asm;asmx</Extensions>
    </Filter>
    <Filter Include="Header Files">
      <UniqueIdentifier>{93995380-89BD-4b04-88EB-625FBE52EBFB}</UniqueIdentifier>
      <Extensions>h;hh;hpp;hxx;hm;inl;inc;xsd</Extensions>
    </Filter>
    <Filter Include="Resource Files">
      <UniqueIdentifier>{67DA6AB6-F800-4c08-8B7A-83BB121AAD01}</UniqueIdentifier>
      <Extensions>rc;ico;cur;bmp;dlg;rc2;rct;bin;rgs;gif;jpg;jpeg;jpe;resx;tiff;tif;png;wav;mfcribbon-ms</Extensions>
    </Filter>
    <Filter Include="Core">
      <UniqueIdentifier>{82008078-31db-476d-8eb9-d4163942b5e1}</UniqueIdentifier>
    </Filter>
    <Filter Include="CoreSrc">
      <UniqueIdentifier>{7fc96468-3372-4dce-a713-0d1dda4c1bc3}</UniqueIdentifier>
    </Filter>
  </ItemGroup>
  <ItemGroup>
    <ClCompile Include="main.cpp">
      <Filter>Source Files</Filter>
    </ClCompile>
    <ClCompile Include="DrawBox.cpp">
      <Filter>Source Files</Filter>
    </ClCompile>
    <ClCompile Include="DrawPlane.cpp">
      <Filter>Source Files</Filter>
    </ClCompile>
    <ClCompile Include="GameDebug.cpp">
      <Filter>Source Files</Filter>
    </ClCompile>
    <ClCompile Include="Assets.cpp">
      <Filter>CoreSrc</Filter>
    </ClCompile>
    <ClCompile Include="Window.cpp">
      <Filter>CoreSrc</Filter>
    </ClCompile>
    <ClCompile Include="Time.cpp">
      <Filter>CoreSrc</Filter>
    </ClCompile>
    <ClCompile Include="Input.cpp">
      <Filter>CoreSrc</Filter>
    </ClCompile>
    <ClCompile Include="crenderutils.cpp">
      <Filter>CoreSrc</Filter>
    </ClCompile>
  </ItemGroup>
  <ItemGroup>
    <ClInclude Include="sfwdraw.h">
      <Filter>Header Files</Filter>
    </ClInclude>
    <ClInclude Include="KeycodeInput.h">
      <Filter>Header Files</Filter>
    </ClInclude>
    <ClInclude Include="GameFunction.h">
      <Filter>Header Files</Filter>
    </ClInclude>
    <ClInclude Include="Assets.h">
      <Filter>Core</Filter>
    </ClInclude>
    <ClInclude Include="CollisionDetection.h">
      <Filter>Core</Filter>
    </ClInclude>
    <ClInclude Include="crenderutils.h">
      <Filter>Core</Filter>
    </ClInclude>
    <ClInclude Include="DebugDraw.h">
      <Filter>Core</Filter>
    </ClInclude>
    <ClInclude Include="DynamicResolution.h">
      <Filter>Core</Filter>
    </ClInclude>
    <ClInclude Include="Entity.h">
      <Filter>Core</Filter>
    </ClInclude>
    <ClInclude Include="Factory.h">
      <Filter>Core</Filter>
    </ClInclude>
    <ClInclude Include="GCData.h">
      <Filter>Core</Filter>
    </ClInclude>
    <ClInclude Include="Input.h">
      <Filter>Core</Filter>
    </ClInclude>
    <ClInclude Include="Lifespan.h">
      <Filter>Core</Filter>
    </ClInclude>
    <ClInclude Include="LifetimeSystem.h">
      <Filter>Core</Filter>
    </ClInclude>
    <ClInclude Include="PlayerController.h">
      <Filter>Core</Filter>
    </ClInclude>
    <ClInclude Include="PlayerFlightSystem.h">
      <Filter>Core</Filter>
    </ClInclude>
    <ClInclude Include="RenderSystem.h">
      <Filter>Core</Filter>
    </ClInclude>
    <ClInclude Include="RigidbodyDynamics.h">
      <Filter>Core</Filter>
    </ClInclude>
    <ClInclude Include="Sprite.h">
      <Filter>Core</Filter>
    </ClInclude>
    <ClInclude Include="StaticResolution.h">
      <Filter>Core</Filter>
    </ClInclude>
    <ClInclude Include="System.h">
      <Filter>Core</Filter>
    </ClInclude>
    <ClInclude Include="Time.h">
      <Filter>Core</Filter>
    </ClInclude>
    <ClInclude Include="Window.h">
      <Filter>Core</Filter>
    </ClInclude>
    <ClInclude Include="VMath.h">
      <Filter>Core</Filter>
    </ClInclude>
  </ItemGroup>
</Project>